
Microsoft Visual Studio Solution File, Format Version 12.00
# Visual Studio Version 17
VisualStudioVersion = 17.9.34728.123
MinimumVisualStudioVersion = 10.0.40219.1
Project("{9A19103F-16F7-4668-BE54-9A1E7A4F7556}") = "CrossoutCraftingAssistant", "CrossoutCraftingAssistant\CrossoutCraftingAssistant.csproj", "{987DEB58-178D-4C4D-9DBF-4FAB1EF9C453}"
EndProject
Project("{FAE04EC0-301F-11D3-BF4B-00C04F79EFBC}") = "ObjectListView2012", "ObjectListView\ObjectListView2012.csproj", "{18FEDA0C-D147-4286-B39A-01204808106A}"
EndProject
Global
	GlobalSection(SolutionConfigurationPlatforms) = preSolution
		Debug|Any CPU = Debug|Any CPU
		Release|Any CPU = Release|Any CPU
	EndGlobalSection
	GlobalSection(ProjectConfigurationPlatforms) = postSolution
		{987DEB58-178D-4C4D-9DBF-4FAB1EF9C453}.Debug|Any CPU.ActiveCfg = Debug|Any CPU
		{987DEB58-178D-4C4D-9DBF-4FAB1EF9C453}.Debug|Any CPU.Build.0 = Debug|Any CPU
		{987DEB58-178D-4C4D-9DBF-4FAB1EF9C453}.Release|Any CPU.ActiveCfg = Release|Any CPU
		{987DEB58-178D-4C4D-9DBF-4FAB1EF9C453}.Release|Any CPU.Build.0 = Release|Any CPU
		{18FEDA0C-D147-4286-B39A-01204808106A}.Debug|Any CPU.ActiveCfg = Debug|Any CPU
		{18FEDA0C-D147-4286-B39A-01204808106A}.Debug|Any CPU.Build.0 = Debug|Any CPU
		{18FEDA0C-D147-4286-B39A-01204808106A}.Release|Any CPU.ActiveCfg = Release|Any CPU
		{18FEDA0C-D147-4286-B39A-01204808106A}.Release|Any CPU.Build.0 = Release|Any CPU
	EndGlobalSection
	GlobalSection(SolutionProperties) = preSolution
		HideSolutionNode = FALSE
	EndGlobalSection
	GlobalSection(ExtensibilityGlobals) = postSolution
		SolutionGuid = {0B20F13D-23D3-4F6D-AD26-FF0EB8C06B01}
	EndGlobalSection
EndGlobal
